// !$*UTF8*$!
{
	archiveVersion = 1;
	classes = {
	};
	objectVersion = 50;
	objects = {

/* Begin PBXBuildFile section */
		2156B9B2B179DE73667FB5C2 /* Pods_demo.framework in Frameworks */ = {isa = PBXBuildFile; fileRef = 63AB5C81079BA9C8BE1730CB /* Pods_demo.framework */; };
		B82B5E312270567D007BD9FA /* AppDelegate.swift in Sources */ = {isa = PBXBuildFile; fileRef = B82B5E302270567D007BD9FA /* AppDelegate.swift */; };
		B82B5E332270567D007BD9FA /* ViewController.swift in Sources */ = {isa = PBXBuildFile; fileRef = B82B5E322270567D007BD9FA /* ViewController.swift */; };
		B82B5E362270567D007BD9FA /* Main.storyboard in Resources */ = {isa = PBXBuildFile; fileRef = B82B5E342270567D007BD9FA /* Main.storyboard */; };
		B82B5E382270567E007BD9FA /* Assets.xcassets in Resources */ = {isa = PBXBuildFile; fileRef = B82B5E372270567E007BD9FA /* Assets.xcassets */; };
		B82B5E3B2270567E007BD9FA /* LaunchScreen.storyboard in Resources */ = {isa = PBXBuildFile; fileRef = B82B5E392270567E007BD9FA /* LaunchScreen.storyboard */; };
		B839DE9F229D249000809873 /* libresolv.tbd in Frameworks */ = {isa = PBXBuildFile; fileRef = B839DE9E229D248F00809873 /* libresolv.tbd */; };
		B839DEA8229D480C00809873 /* MetalView.swift in Sources */ = {isa = PBXBuildFile; fileRef = B839DEA7229D480C00809873 /* MetalView.swift */; };
		B839DEAB229D488300809873 /* MetalController.swift in Sources */ = {isa = PBXBuildFile; fileRef = B839DEAA229D488300809873 /* MetalController.swift */; };
		B844909B22B0EC6800398E55 /* assets in Resources */ = {isa = PBXBuildFile; fileRef = B844909A22B0EC6800398E55 /* assets */; };
		B8B8DCD823210B8A00F93474 /* shader-spirv in Resources */ = {isa = PBXBuildFile; fileRef = B8B8DCD723210B8A00F93474 /* shader-spirv */; };
		B8B8DCDA23210F8500F93474 /* libsdf_text_view.a in Frameworks */ = {isa = PBXBuildFile; fileRef = B8B8DCD923210F8500F93474 /* libsdf_text_view.a */; };
/* End PBXBuildFile section */

/* Begin PBXFileReference section */
		099392C1873B4D95B60FDB59 /* Pods-demo.debug.xcconfig */ = {isa = PBXFileReference; includeInIndex = 1; lastKnownFileType = text.xcconfig; name = "Pods-demo.debug.xcconfig"; path = "Target Support Files/Pods-demo/Pods-demo.debug.xcconfig"; sourceTree = "<group>"; };
		63AB5C81079BA9C8BE1730CB /* Pods_demo.framework */ = {isa = PBXFileReference; explicitFileType = wrapper.framework; includeInIndex = 0; path = Pods_demo.framework; sourceTree = BUILT_PRODUCTS_DIR; };
		B82B5E2D2270567D007BD9FA /* demo.app */ = {isa = PBXFileReference; explicitFileType = wrapper.application; includeInIndex = 0; path = demo.app; sourceTree = BUILT_PRODUCTS_DIR; };
		B82B5E302270567D007BD9FA /* AppDelegate.swift */ = {isa = PBXFileReference; lastKnownFileType = sourcecode.swift; path = AppDelegate.swift; sourceTree = "<group>"; };
		B82B5E322270567D007BD9FA /* ViewController.swift */ = {isa = PBXFileReference; lastKnownFileType = sourcecode.swift; path = ViewController.swift; sourceTree = "<group>"; };
		B82B5E352270567D007BD9FA /* Base */ = {isa = PBXFileReference; lastKnownFileType = file.storyboard; name = Base; path = Base.lproj/Main.storyboard; sourceTree = "<group>"; };
		B82B5E372270567E007BD9FA /* Assets.xcassets */ = {isa = PBXFileReference; lastKnownFileType = folder.assetcatalog; path = Assets.xcassets; sourceTree = "<group>"; };
		B82B5E3A2270567E007BD9FA /* Base */ = {isa = PBXFileReference; lastKnownFileType = file.storyboard; name = Base; path = Base.lproj/LaunchScreen.storyboard; sourceTree = "<group>"; };
		B82B5E3C2270567E007BD9FA /* Info.plist */ = {isa = PBXFileReference; lastKnownFileType = text.plist.xml; path = Info.plist; sourceTree = "<group>"; };
		B839DE9E229D248F00809873 /* libresolv.tbd */ = {isa = PBXFileReference; lastKnownFileType = "sourcecode.text-based-dylib-definition"; name = libresolv.tbd; path = usr/lib/libresolv.tbd; sourceTree = SDKROOT; };
		B839DEA0229D3A4100809873 /* idroid.h */ = {isa = PBXFileReference; lastKnownFileType = sourcecode.c.h; path = idroid.h; sourceTree = "<group>"; };
		B839DEA1229D3A6A00809873 /* demo-Bridging-Header.h */ = {isa = PBXFileReference; lastKnownFileType = sourcecode.c.h; path = "demo-Bridging-Header.h"; sourceTree = "<group>"; };
		B839DEA7229D480C00809873 /* MetalView.swift */ = {isa = PBXFileReference; fileEncoding = 4; lastKnownFileType = sourcecode.swift; path = MetalView.swift; sourceTree = "<group>"; };
		B839DEA9229D482200809873 /* rs_glue.h */ = {isa = PBXFileReference; fileEncoding = 4; lastKnownFileType = sourcecode.c.h; path = rs_glue.h; sourceTree = "<group>"; };
		B839DEAA229D488300809873 /* MetalController.swift */ = {isa = PBXFileReference; fileEncoding = 4; lastKnownFileType = sourcecode.swift; path = MetalController.swift; sourceTree = "<group>"; };
		B844909A22B0EC6800398E55 /* assets */ = {isa = PBXFileReference; lastKnownFileType = folder; name = assets; path = ../../assets; sourceTree = "<group>"; };
		B8B8DCD723210B8A00F93474 /* shader-spirv */ = {isa = PBXFileReference; lastKnownFileType = folder; name = "shader-spirv"; path = "../../shader-spirv"; sourceTree = "<group>"; };
		B8B8DCD923210F8500F93474 /* libsdf_text_view.a */ = {isa = PBXFileReference; lastKnownFileType = archive.ar; name = libsdf_text_view.a; path = "../target/aarch64-apple-ios/debug/libsdf_text_view.a"; sourceTree = "<group>"; };
		C71E08256A07426AE65D4EB0 /* Pods-demo.release.xcconfig */ = {isa = PBXFileReference; includeInIndex = 1; lastKnownFileType = text.xcconfig; name = "Pods-demo.release.xcconfig"; path = "Target Support Files/Pods-demo/Pods-demo.release.xcconfig"; sourceTree = "<group>"; };
/* End PBXFileReference section */

/* Begin PBXFrameworksBuildPhase section */
		B82B5E2A2270567D007BD9FA /* Frameworks */ = {
			isa = PBXFrameworksBuildPhase;
			buildActionMask = 2147483647;
			files = (
				B839DE9F229D249000809873 /* libresolv.tbd in Frameworks */,
				2156B9B2B179DE73667FB5C2 /* Pods_demo.framework in Frameworks */,
				B8B8DCDA23210F8500F93474 /* libsdf_text_view.a in Frameworks */,
			);
			runOnlyForDeploymentPostprocessing = 0;
		};
/* End PBXFrameworksBuildPhase section */

/* Begin PBXGroup section */
		B82B5E242270567C007BD9FA = {
			isa = PBXGroup;
			children = (
				B82B5E2F2270567D007BD9FA /* demo */,
				B82B5E2E2270567D007BD9FA /* Products */,
				B839DE9D229D248F00809873 /* Frameworks */,
				BEBAFAA6E4D6FEC86602BFB7 /* Pods */,
			);
			sourceTree = "<group>";
		};
		B82B5E2E2270567D007BD9FA /* Products */ = {
			isa = PBXGroup;
			children = (
				B82B5E2D2270567D007BD9FA /* demo.app */,
			);
			name = Products;
			sourceTree = "<group>";
		};
		B82B5E2F2270567D007BD9FA /* demo */ = {
			isa = PBXGroup;
			children = (
				B82B5E302270567D007BD9FA /* AppDelegate.swift */,
				B82B5E322270567D007BD9FA /* ViewController.swift */,
				B82B5E342270567D007BD9FA /* Main.storyboard */,
				B839DEA7229D480C00809873 /* MetalView.swift */,
				B839DEAA229D488300809873 /* MetalController.swift */,
				B839DEA9229D482200809873 /* rs_glue.h */,
				B839DEA0229D3A4100809873 /* idroid.h */,
				B82B5E372270567E007BD9FA /* Assets.xcassets */,
				B82B5E392270567E007BD9FA /* LaunchScreen.storyboard */,
				B8B8DCD723210B8A00F93474 /* shader-spirv */,
				B82B5E3C2270567E007BD9FA /* Info.plist */,
				B839DEA1229D3A6A00809873 /* demo-Bridging-Header.h */,
				B844909A22B0EC6800398E55 /* assets */,
			);
			path = demo;
			sourceTree = "<group>";
		};
		B839DE9D229D248F00809873 /* Frameworks */ = {
			isa = PBXGroup;
			children = (
				B8B8DCD923210F8500F93474 /* libsdf_text_view.a */,
				B839DE9E229D248F00809873 /* libresolv.tbd */,
				63AB5C81079BA9C8BE1730CB /* Pods_demo.framework */,
			);
			name = Frameworks;
			sourceTree = "<group>";
		};
		BEBAFAA6E4D6FEC86602BFB7 /* Pods */ = {
			isa = PBXGroup;
			children = (
				099392C1873B4D95B60FDB59 /* Pods-demo.debug.xcconfig */,
				C71E08256A07426AE65D4EB0 /* Pods-demo.release.xcconfig */,
			);
			path = Pods;
			sourceTree = "<group>";
		};
/* End PBXGroup section */

/* Begin PBXNativeTarget section */
		B82B5E2C2270567D007BD9FA /* demo */ = {
			isa = PBXNativeTarget;
			buildConfigurationList = B82B5E3F2270567E007BD9FA /* Build configuration list for PBXNativeTarget "demo" */;
			buildPhases = (
				BC4D635F94CA67ACC0149CB7 /* [CP] Check Pods Manifest.lock */,
				B82B5E292270567D007BD9FA /* Sources */,
				B82B5E2A2270567D007BD9FA /* Frameworks */,
				B82B5E2B2270567D007BD9FA /* Resources */,
				FEED01B508D424100AF80DAD /* [CP] Embed Pods Frameworks */,
			);
			buildRules = (
			);
			dependencies = (
			);
			name = demo;
			productName = brush;
			productReference = B82B5E2D2270567D007BD9FA /* demo.app */;
			productType = "com.apple.product-type.application";
		};
/* End PBXNativeTarget section */

/* Begin PBXProject section */
		B82B5E252270567C007BD9FA /* Project object */ = {
			isa = PBXProject;
			attributes = {
				LastSwiftUpdateCheck = 1020;
				LastUpgradeCheck = 1020;
				ORGANIZATIONNAME = grenlight;
				TargetAttributes = {
					B82B5E2C2270567D007BD9FA = {
						CreatedOnToolsVersion = 10.2.1;
						LastSwiftMigration = 1020;
					};
				};
			};
			buildConfigurationList = B82B5E282270567C007BD9FA /* Build configuration list for PBXProject "demo" */;
			compatibilityVersion = "Xcode 9.3";
			developmentRegion = en;
			hasScannedForEncodings = 0;
			knownRegions = (
				en,
				Base,
			);
			mainGroup = B82B5E242270567C007BD9FA;
			productRefGroup = B82B5E2E2270567D007BD9FA /* Products */;
			projectDirPath = "";
			projectRoot = "";
			targets = (
				B82B5E2C2270567D007BD9FA /* demo */,
			);
		};
/* End PBXProject section */

/* Begin PBXResourcesBuildPhase section */
		B82B5E2B2270567D007BD9FA /* Resources */ = {
			isa = PBXResourcesBuildPhase;
			buildActionMask = 2147483647;
			files = (
				B8B8DCD823210B8A00F93474 /* shader-spirv in Resources */,
				B844909B22B0EC6800398E55 /* assets in Resources */,
				B82B5E3B2270567E007BD9FA /* LaunchScreen.storyboard in Resources */,
				B82B5E382270567E007BD9FA /* Assets.xcassets in Resources */,
				B82B5E362270567D007BD9FA /* Main.storyboard in Resources */,
			);
			runOnlyForDeploymentPostprocessing = 0;
		};
/* End PBXResourcesBuildPhase section */

/* Begin PBXShellScriptBuildPhase section */
		BC4D635F94CA67ACC0149CB7 /* [CP] Check Pods Manifest.lock */ = {
			isa = PBXShellScriptBuildPhase;
			buildActionMask = 2147483647;
			files = (
			);
			inputFileListPaths = (
			);
			inputPaths = (
				"${PODS_PODFILE_DIR_PATH}/Podfile.lock",
				"${PODS_ROOT}/Manifest.lock",
			);
			name = "[CP] Check Pods Manifest.lock";
			outputFileListPaths = (
			);
			outputPaths = (
				"$(DERIVED_FILE_DIR)/Pods-demo-checkManifestLockResult.txt",
			);
			runOnlyForDeploymentPostprocessing = 0;
			shellPath = /bin/sh;
			shellScript = "diff \"${PODS_PODFILE_DIR_PATH}/Podfile.lock\" \"${PODS_ROOT}/Manifest.lock\" > /dev/null\nif [ $? != 0 ] ; then\n    # print error to STDERR\n    echo \"error: The sandbox is not in sync with the Podfile.lock. Run 'pod install' or update your CocoaPods installation.\" >&2\n    exit 1\nfi\n# This output is used by Xcode 'outputs' to avoid re-running this script phase.\necho \"SUCCESS\" > \"${SCRIPT_OUTPUT_FILE_0}\"\n";
			showEnvVarsInLog = 0;
		};
		FEED01B508D424100AF80DAD /* [CP] Embed Pods Frameworks */ = {
			isa = PBXShellScriptBuildPhase;
			buildActionMask = 2147483647;
			files = (
			);
			inputFileListPaths = (
			);
			inputPaths = (
				"${PODS_ROOT}/Target Support Files/Pods-demo/Pods-demo-frameworks.sh",
				"${BUILT_PRODUCTS_DIR}/Kingfisher/Kingfisher.framework",
				"${BUILT_PRODUCTS_DIR}/SnapKit/SnapKit.framework",
			);
			name = "[CP] Embed Pods Frameworks";
			outputFileListPaths = (
			);
			outputPaths = (
				"${TARGET_BUILD_DIR}/${FRAMEWORKS_FOLDER_PATH}/Kingfisher.framework",
				"${TARGET_BUILD_DIR}/${FRAMEWORKS_FOLDER_PATH}/SnapKit.framework",
			);
			runOnlyForDeploymentPostprocessing = 0;
			shellPath = /bin/sh;
			shellScript = "\"${PODS_ROOT}/Target Support Files/Pods-demo/Pods-demo-frameworks.sh\"\n";
			showEnvVarsInLog = 0;
		};
/* End PBXShellScriptBuildPhase section */

/* Begin PBXSourcesBuildPhase section */
		B82B5E292270567D007BD9FA /* Sources */ = {
			isa = PBXSourcesBuildPhase;
			buildActionMask = 2147483647;
			files = (
				B839DEA8229D480C00809873 /* MetalView.swift in Sources */,
				B82B5E332270567D007BD9FA /* ViewController.swift in Sources */,
				B82B5E312270567D007BD9FA /* AppDelegate.swift in Sources */,
				B839DEAB229D488300809873 /* MetalController.swift in Sources */,
			);
			runOnlyForDeploymentPostprocessing = 0;
		};
/* End PBXSourcesBuildPhase section */

/* Begin PBXVariantGroup section */
		B82B5E342270567D007BD9FA /* Main.storyboard */ = {
			isa = PBXVariantGroup;
			children = (
				B82B5E352270567D007BD9FA /* Base */,
			);
			name = Main.storyboard;
			sourceTree = "<group>";
		};
		B82B5E392270567E007BD9FA /* LaunchScreen.storyboard */ = {
			isa = PBXVariantGroup;
			children = (
				B82B5E3A2270567E007BD9FA /* Base */,
			);
			name = LaunchScreen.storyboard;
			sourceTree = "<group>";
		};
/* End PBXVariantGroup section */

/* Begin XCBuildConfiguration section */
		B82B5E3D2270567E007BD9FA /* Debug */ = {
			isa = XCBuildConfiguration;
			buildSettings = {
				ALWAYS_SEARCH_USER_PATHS = NO;
				CLANG_ANALYZER_NONNULL = YES;
				CLANG_ANALYZER_NUMBER_OBJECT_CONVERSION = YES_AGGRESSIVE;
				CLANG_CXX_LANGUAGE_STANDARD = "gnu++14";
				CLANG_CXX_LIBRARY = "libc++";
				CLANG_ENABLE_MODULES = YES;
				CLANG_ENABLE_OBJC_ARC = YES;
				CLANG_ENABLE_OBJC_WEAK = YES;
				CLANG_WARN_BLOCK_CAPTURE_AUTORELEASING = YES;
				CLANG_WARN_BOOL_CONVERSION = YES;
				CLANG_WARN_COMMA = YES;
				CLANG_WARN_CONSTANT_CONVERSION = YES;
				CLANG_WARN_DEPRECATED_OBJC_IMPLEMENTATIONS = YES;
				CLANG_WARN_DIRECT_OBJC_ISA_USAGE = YES_ERROR;
				CLANG_WARN_DOCUMENTATION_COMMENTS = YES;
				CLANG_WARN_EMPTY_BODY = YES;
				CLANG_WARN_ENUM_CONVERSION = YES;
				CLANG_WARN_INFINITE_RECURSION = YES;
				CLANG_WARN_INT_CONVERSION = YES;
				CLANG_WARN_NON_LITERAL_NULL_CONVERSION = YES;
				CLANG_WARN_OBJC_IMPLICIT_RETAIN_SELF = YES;
				CLANG_WARN_OBJC_LITERAL_CONVERSION = YES;
				CLANG_WARN_OBJC_ROOT_CLASS = YES_ERROR;
				CLANG_WARN_RANGE_LOOP_ANALYSIS = YES;
				CLANG_WARN_STRICT_PROTOTYPES = YES;
				CLANG_WARN_SUSPICIOUS_MOVE = YES;
				CLANG_WARN_UNGUARDED_AVAILABILITY = YES_AGGRESSIVE;
				CLANG_WARN_UNREACHABLE_CODE = YES;
				CLANG_WARN__DUPLICATE_METHOD_MATCH = YES;
				CODE_SIGN_IDENTITY = "iPhone Developer";
				COPY_PHASE_STRIP = NO;
				DEBUG_INFORMATION_FORMAT = dwarf;
				ENABLE_STRICT_OBJC_MSGSEND = YES;
				ENABLE_TESTABILITY = YES;
				GCC_C_LANGUAGE_STANDARD = gnu11;
				GCC_DYNAMIC_NO_PIC = NO;
				GCC_NO_COMMON_BLOCKS = YES;
				GCC_OPTIMIZATION_LEVEL = 0;
				GCC_PREPROCESSOR_DEFINITIONS = (
					"DEBUG=1",
					"$(inherited)",
				);
				GCC_WARN_64_TO_32_BIT_CONVERSION = YES;
				GCC_WARN_ABOUT_RETURN_TYPE = YES_ERROR;
				GCC_WARN_UNDECLARED_SELECTOR = YES;
				GCC_WARN_UNINITIALIZED_AUTOS = YES_AGGRESSIVE;
				GCC_WARN_UNUSED_FUNCTION = YES;
				GCC_WARN_UNUSED_VARIABLE = YES;
				IPHONEOS_DEPLOYMENT_TARGET = 12.2;
				MTL_ENABLE_DEBUG_INFO = INCLUDE_SOURCE;
				MTL_FAST_MATH = YES;
				ONLY_ACTIVE_ARCH = YES;
				SDKROOT = iphoneos;
				SWIFT_ACTIVE_COMPILATION_CONDITIONS = DEBUG;
				SWIFT_OPTIMIZATION_LEVEL = "-Onone";
			};
			name = Debug;
		};
		B82B5E3E2270567E007BD9FA /* Release */ = {
			isa = XCBuildConfiguration;
			buildSettings = {
				ALWAYS_SEARCH_USER_PATHS = NO;
				CLANG_ANALYZER_NONNULL = YES;
				CLANG_ANALYZER_NUMBER_OBJECT_CONVERSION = YES_AGGRESSIVE;
				CLANG_CXX_LANGUAGE_STANDARD = "gnu++14";
				CLANG_CXX_LIBRARY = "libc++";
				CLANG_ENABLE_MODULES = YES;
				CLANG_ENABLE_OBJC_ARC = YES;
				CLANG_ENABLE_OBJC_WEAK = YES;
				CLANG_WARN_BLOCK_CAPTURE_AUTORELEASING = YES;
				CLANG_WARN_BOOL_CONVERSION = YES;
				CLANG_WARN_COMMA = YES;
				CLANG_WARN_CONSTANT_CONVERSION = YES;
				CLANG_WARN_DEPRECATED_OBJC_IMPLEMENTATIONS = YES;
				CLANG_WARN_DIRECT_OBJC_ISA_USAGE = YES_ERROR;
				CLANG_WARN_DOCUMENTATION_COMMENTS = YES;
				CLANG_WARN_EMPTY_BODY = YES;
				CLANG_WARN_ENUM_CONVERSION = YES;
				CLANG_WARN_INFINITE_RECURSION = YES;
				CLANG_WARN_INT_CONVERSION = YES;
				CLANG_WARN_NON_LITERAL_NULL_CONVERSION = YES;
				CLANG_WARN_OBJC_IMPLICIT_RETAIN_SELF = YES;
				CLANG_WARN_OBJC_LITERAL_CONVERSION = YES;
				CLANG_WARN_OBJC_ROOT_CLASS = YES_ERROR;
				CLANG_WARN_RANGE_LOOP_ANALYSIS = YES;
				CLANG_WARN_STRICT_PROTOTYPES = YES;
				CLANG_WARN_SUSPICIOUS_MOVE = YES;
				CLANG_WARN_UNGUARDED_AVAILABILITY = YES_AGGRESSIVE;
				CLANG_WARN_UNREACHABLE_CODE = YES;
				CLANG_WARN__DUPLICATE_METHOD_MATCH = YES;
				CODE_SIGN_IDENTITY = "iPhone Developer";
				COPY_PHASE_STRIP = NO;
				DEBUG_INFORMATION_FORMAT = "dwarf-with-dsym";
				ENABLE_NS_ASSERTIONS = NO;
				ENABLE_STRICT_OBJC_MSGSEND = YES;
				GCC_C_LANGUAGE_STANDARD = gnu11;
				GCC_NO_COMMON_BLOCKS = YES;
				GCC_WARN_64_TO_32_BIT_CONVERSION = YES;
				GCC_WARN_ABOUT_RETURN_TYPE = YES_ERROR;
				GCC_WARN_UNDECLARED_SELECTOR = YES;
				GCC_WARN_UNINITIALIZED_AUTOS = YES_AGGRESSIVE;
				GCC_WARN_UNUSED_FUNCTION = YES;
				GCC_WARN_UNUSED_VARIABLE = YES;
				IPHONEOS_DEPLOYMENT_TARGET = 12.2;
				MTL_ENABLE_DEBUG_INFO = NO;
				MTL_FAST_MATH = YES;
				SDKROOT = iphoneos;
				SWIFT_COMPILATION_MODE = wholemodule;
				SWIFT_OPTIMIZATION_LEVEL = "-O";
				VALIDATE_PRODUCT = YES;
			};
			name = Release;
		};
		B82B5E402270567E007BD9FA /* Debug */ = {
			isa = XCBuildConfiguration;
			baseConfigurationReference = 099392C1873B4D95B60FDB59 /* Pods-demo.debug.xcconfig */;
			buildSettings = {
				ASSETCATALOG_COMPILER_APPICON_NAME = AppIcon;
				CLANG_ENABLE_MODULES = YES;
				CODE_SIGN_STYLE = Automatic;
				DEVELOPMENT_TEAM = P3HQ9GDFCW;
				ENABLE_BITCODE = NO;
				INFOPLIST_FILE = demo/Info.plist;
				IPHONEOS_DEPLOYMENT_TARGET = 10.0;
				LD_RUNPATH_SEARCH_PATHS = (
					"$(inherited)",
					"@executable_path/Frameworks",
				);
				LIBRARY_SEARCH_PATHS = "$(PROJECT_DIR)/../target/aarch64-apple-ios/debug";
				OTHER_LDFLAGS = "-lc++";
				PRODUCT_BUNDLE_IDENTIFIER = name.lijinlei.brush;
				PRODUCT_NAME = "$(TARGET_NAME)";
				SWIFT_OBJC_BRIDGING_HEADER = "demo/demo-Bridging-Header.h";
				SWIFT_OPTIMIZATION_LEVEL = "-Onone";
				SWIFT_VERSION = 5.0;
				TARGETED_DEVICE_FAMILY = "1,2";
				VALID_ARCHS = "arm64 arm64e";
			};
			name = Debug;
		};
		B82B5E412270567E007BD9FA /* Release */ = {
			isa = XCBuildConfiguration;
			baseConfigurationReference = C71E08256A07426AE65D4EB0 /* Pods-demo.release.xcconfig */;
			buildSettings = {
				ASSETCATALOG_COMPILER_APPICON_NAME = AppIcon;
				CLANG_ENABLE_MODULES = YES;
				CODE_SIGN_STYLE = Automatic;
				DEVELOPMENT_TEAM = P3HQ9GDFCW;
				ENABLE_BITCODE = NO;
				INFOPLIST_FILE = demo/Info.plist;
				IPHONEOS_DEPLOYMENT_TARGET = 10.0;
				LD_RUNPATH_SEARCH_PATHS = (
					"$(inherited)",
					"@executable_path/Frameworks",
				);
				LIBRARY_SEARCH_PATHS = "$(PROJECT_DIR)/../target/aarch64-apple-ios/debug";
				OTHER_LDFLAGS = "-lc++";
				PRODUCT_BUNDLE_IDENTIFIER = name.lijinlei.brush;
				PRODUCT_NAME = "$(TARGET_NAME)";
				SWIFT_OBJC_BRIDGING_HEADER = "demo/demo-Bridging-Header.h";
				SWIFT_VERSION = 5.0;
				TARGETED_DEVICE_FAMILY = "1,2";
				VALID_ARCHS = "arm64 arm64e";
			};
			name = Release;
		};
/* End XCBuildConfiguration section */

/* Begin XCConfigurationList section */
		B82B5E282270567C007BD9FA /* Build configuration list for PBXProject "demo" */ = {
			isa = XCConfigurationList;
			buildConfigurations = (
				B82B5E3D2270567E007BD9FA /* Debug */,
				B82B5E3E2270567E007BD9FA /* Release */,
			);
			defaultConfigurationIsVisible = 0;
			defaultConfigurationName = Release;
		};
		B82B5E3F2270567E007BD9FA /* Build configuration list for PBXNativeTarget "demo" */ = {
			isa = XCConfigurationList;
			buildConfigurations = (
				B82B5E402270567E007BD9FA /* Debug */,
				B82B5E412270567E007BD9FA /* Release */,
			);
			defaultConfigurationIsVisible = 0;
			defaultConfigurationName = Release;
		};
/* End XCConfigurationList section */
	};
	rootObject = B82B5E252270567C007BD9FA /* Project object */;
}
